
Microsoft Visual Studio Solution File, Format Version 11.00
# Visual Studio 2010
Project("{FAE04EC0-301F-11D3-BF4B-00C04F79EFBC}") = "Robot33_Control_RC", "Robot33_Control_RC\Robot33_Control_RC.csproj", "{2DE30FAD-9FAB-40F5-A993-1A4E904064EE}"
EndProject
Global
	GlobalSection(SolutionConfigurationPlatforms) = preSolution
		Debug|x86 = Debug|x86
		Release|x86 = Release|x86
	EndGlobalSection
	GlobalSection(ProjectConfigurationPlatforms) = postSolution
		{2DE30FAD-9FAB-40F5-A993-1A4E904064EE}.Debug|x86.ActiveCfg = Debug|x86
		{2DE30FAD-9FAB-40F5-A993-1A4E904064EE}.Debug|x86.Build.0 = Debug|x86
		{2DE30FAD-9FAB-40F5-A993-1A4E904064EE}.Release|x86.ActiveCfg = Release|x86
		{2DE30FAD-9FAB-40F5-A993-1A4E904064EE}.Release|x86.Build.0 = Release|x86
	EndGlobalSection
	GlobalSection(SolutionProperties) = preSolution
		HideSolutionNode = FALSE
	EndGlobalSection
EndGlobal
